
Microsoft Visual Studio Solution File, Format Version 12.00
# Visual Studio Version 16
VisualStudioVersion = 16.0.29709.97
MinimumVisualStudioVersion = 10.0.40219.1
Project("{FAE04EC0-301F-11D3-BF4B-00C04F79EFBC}") = "ezclap", "ezclap\ezclap.csproj", "{6420C6F0-88C7-4B73-9543-FF871B860CE5}"
EndProject
Global
	GlobalSection(SolutionConfigurationPlatforms) = preSolution
		Debug|Any CPU = Debug|Any CPU
		Release|Any CPU = Release|Any CPU
	EndGlobalSection
	GlobalSection(ProjectConfigurationPlatforms) = postSolution
		{6420C6F0-88C7-4B73-9543-FF871B860CE5}.Debug|Any CPU.ActiveCfg = Debug|Any CPU
		{6420C6F0-88C7-4B73-9543-FF871B860CE5}.Debug|Any CPU.Build.0 = Debug|Any CPU
		{6420C6F0-88C7-4B73-9543-FF871B860CE5}.Release|Any CPU.ActiveCfg = Release|Any CPU
		{6420C6F0-88C7-4B73-9543-FF871B860CE5}.Release|Any CPU.Build.0 = Release|Any CPU
	EndGlobalSection
	GlobalSection(SolutionProperties) = preSolution
		HideSolutionNode = FALSE
	EndGlobalSection
	GlobalSection(ExtensibilityGlobals) = postSolution
		SolutionGuid = {39D44CF6-61DF-4F37-BE41-A311697C6F0E}
	EndGlobalSection
EndGlobal
